<?xml version="1.0" encoding="UTF-8" standalone="yes" ?>
<CodeBlocks_project_file>
	<FileVersion major="1" minor="6" />
	<Project>
		<Option title="reversi_gui" />
		<Option makefile="makefile" />
		<Option pch_mode="2" />
		<Option compiler="gcc" />
		<Build>
			<Target title="Debug">
				<Option output="bin/Debug/reversi_gui" prefix_auto="1" extension_auto="1" />
				<Option object_output="obj/Debug/" />
				<Option type="0" />
				<Option compiler="gcc" />
				<Option projectLinkerOptionsRelation="2" />
				<Compiler>
					<Add option="-g" />
					<Add option="-D__WXDEBUG__" />
					<Add directory="F:/Program/wxWidgets/lib/gcc_dll/mswud" />
				</Compiler>
				<ResourceCompiler>
					<Add directory="F:/Program/wxWidgets/lib/gcc_dll/mswud" />
				</ResourceCompiler>
				<Linker>
					<Add library="libwxmsw30ud.a" />
					<Add directory="F:/Program/wxWidgets/lib/gcc_dll" />
				</Linker>
			</Target>
			<Target title="Release">
				<Option output="bin/Release/reversi_gui" prefix_auto="1" extension_auto="1" />
				<Option object_output="obj/Release/" />
				<Option type="0" />
				<Option compiler="gcc" />
				<Option projectLinkerOptionsRelation="2" />
				<Compiler>
					<Add option="-O2" />
					<Add directory="F:/Program/wxWidgets/lib/gcc_dll/mswu" />
				</Compiler>
				<ResourceCompiler>
					<Add directory="F:/Program/wxWidgets/lib/gcc_dll/mswu" />
				</ResourceCompiler>
				<Linker>
					<Add option="-s" />
					<Add library="libwxmsw30u.a" />
					<Add directory="F:/Program/wxWidgets/lib/gcc_dll" />
				</Linker>
			</Target>
		</Build>
		<Compiler>
			<Add option="-Wall" />
			<Add option="-std=gnu++11" />
			<Add option="-pipe" />
			<Add option="-mthreads" />
			<Add option="-D__GNUWIN32__" />
			<Add option="-D__WXMSW__" />
			<Add option="-DWXUSINGDLL" />
			<Add option="-DwxUSE_UNICODE" />
			<Add directory="F:/Program/wxWidgets/include" />
			<Add directory="F:/Program/cpptcl-1.1.3" />
			<Add directory="F:/Program/Tcl/include" />
		</Compiler>
		<ResourceCompiler>
			<Add directory="F:/Program/wxWidgets/include" />
		</ResourceCompiler>
		<Linker>
			<Add option="-mthreads -ltcl86" />
			<Add directory="F:/Program/Tcl/lib" />
		</Linker>
		<Unit filename="cpptcl.cc" />
		<Unit filename="flip.cc" />
		<Unit filename="game.h" />
		<Unit filename="pattern.cc" />
		<Unit filename="pattern.h" />
		<Unit filename="resource.rc">
			<Option compilerVar="WINDRES" />
		</Unit>
		<Unit filename="reversi.cc" />
		<Unit filename="reversi.h" />
		<Unit filename="reversi_gui.cc" />
		<Unit filename="reversi_gui.h" />
		<Unit filename="reversi_guiApp.cpp" />
		<Unit filename="reversi_guiApp.h" />
		<Unit filename="reversi_guiMain.cpp" />
		<Unit filename="reversi_guiMain.h" />
		<Unit filename="search.cc" />
		<Unit filename="tree.cc" />
		<Unit filename="tree.h" />
		<Unit filename="type.cc" />
		<Unit filename="wxsmith/reversi_guiframe.wxs" />
		<Extensions>
			<code_completion />
			<envvars />
			<debugger />
			<wxsmith version="1">
				<gui name="wxWidgets" src="reversi_guiApp.cpp" main="reversi_guiFrame" init_handlers="necessary" language="CPP" />
				<resources>
					<wxFrame wxs="wxsmith/reversi_guiframe.wxs" src="reversi_guiMain.cpp" hdr="reversi_guiMain.h" fwddecl="0" i18n="1" name="reversi_guiFrame" language="CPP" />
				</resources>
			</wxsmith>
			<DoxyBlocks>
				<comment_style block="0" line="0" />
				<doxyfile_project />
				<doxyfile_build />
				<doxyfile_warnings />
				<doxyfile_output />
				<doxyfile_dot />
				<general />
			</DoxyBlocks>
		</Extensions>
	</Project>
</CodeBlocks_project_file>
